// !$*UTF8*$!
{
	archiveVersion = 1;
	classes = {
	};
	objectVersion = 55;
	objects = {

/* Begin PBXBuildFile section */
		B83AEBB02A290E02009F25DD /* AppDelegate.swift in Sources */ = {isa = PBXBuildFile; fileRef = B83AEBAF2A290E02009F25DD /* AppDelegate.swift */; };
		B83AEBB22A290E02009F25DD /* SceneDelegate.swift in Sources */ = {isa = PBXBuildFile; fileRef = B83AEBB12A290E02009F25DD /* SceneDelegate.swift */; };
		B83AEBB42A290E02009F25DD /* iniciarSesionViewController.swift in Sources */ = {isa = PBXBuildFile; fileRef = B83AEBB32A290E02009F25DD /* iniciarSesionViewController.swift */; };
		B83AEBB72A290E02009F25DD /* Main.storyboard in Resources */ = {isa = PBXBuildFile; fileRef = B83AEBB52A290E02009F25DD /* Main.storyboard */; };
		B83AEBB92A290E03009F25DD /* Assets.xcassets in Resources */ = {isa = PBXBuildFile; fileRef = B83AEBB82A290E03009F25DD /* Assets.xcassets */; };
		B83AEBBC2A290E03009F25DD /* LaunchScreen.storyboard in Resources */ = {isa = PBXBuildFile; fileRef = B83AEBBA2A290E03009F25DD /* LaunchScreen.storyboard */; };
		B83AEBC42A290F25009F25DD /* GoogleService-Info.plist in Resources */ = {isa = PBXBuildFile; fileRef = B83AEBC32A290F25009F25DD /* GoogleService-Info.plist */; };
		B83AEBC62A2913CE009F25DD /* TelefonoViewController.swift in Sources */ = {isa = PBXBuildFile; fileRef = B83AEBC52A2913CE009F25DD /* TelefonoViewController.swift */; };
		B871B5C72A39FDB30040595F /* Snap.swift in Sources */ = {isa = PBXBuildFile; fileRef = B871B5C62A39FDB30040595F /* Snap.swift */; };
		B871B5C92A3A047B0040595F /* VerSnapViewController.swift in Sources */ = {isa = PBXBuildFile; fileRef = B871B5C82A3A047B0040595F /* VerSnapViewController.swift */; };
		B88A50382A30BFDF00480811 /* SnapsViewController.swift in Sources */ = {isa = PBXBuildFile; fileRef = B88A50372A30BFDF00480811 /* SnapsViewController.swift */; };
		B88A503A2A30C59400480811 /* ImagenViewController.swift in Sources */ = {isa = PBXBuildFile; fileRef = B88A50392A30C59400480811 /* ImagenViewController.swift */; };
		B88A503C2A30D63100480811 /* ElegirUsuarioViewController.swift in Sources */ = {isa = PBXBuildFile; fileRef = B88A503B2A30D63100480811 /* ElegirUsuarioViewController.swift */; };
		B88A50422A30F3B200480811 /* Usuario.swift in Sources */ = {isa = PBXBuildFile; fileRef = B88A50412A30F3B200480811 /* Usuario.swift */; };
		B89B45012A338EA3006F13BA /* CrearUserViewController.swift in Sources */ = {isa = PBXBuildFile; fileRef = B89B45002A338EA3006F13BA /* CrearUserViewController.swift */; };
		E68AFCD27820EABC31D2DD36 /* Pods_Snapchat.framework in Frameworks */ = {isa = PBXBuildFile; fileRef = 72141DAB894A9B514146E7C0 /* Pods_Snapchat.framework */; };
/* End PBXBuildFile section */

/* Begin PBXFileReference section */
		72141DAB894A9B514146E7C0 /* Pods_Snapchat.framework */ = {isa = PBXFileReference; explicitFileType = wrapper.framework; includeInIndex = 0; path = Pods_Snapchat.framework; sourceTree = BUILT_PRODUCTS_DIR; };
		B7D350A6B8A4FEEC794ED5A2 /* Pods-Snapchat.debug.xcconfig */ = {isa = PBXFileReference; includeInIndex = 1; lastKnownFileType = text.xcconfig; name = "Pods-Snapchat.debug.xcconfig"; path = "Target Support Files/Pods-Snapchat/Pods-Snapchat.debug.xcconfig"; sourceTree = "<group>"; };
		B83AEBAC2A290E02009F25DD /* Snapchat.app */ = {isa = PBXFileReference; explicitFileType = wrapper.application; includeInIndex = 0; path = Snapchat.app; sourceTree = BUILT_PRODUCTS_DIR; };
		B83AEBAF2A290E02009F25DD /* AppDelegate.swift */ = {isa = PBXFileReference; lastKnownFileType = sourcecode.swift; path = AppDelegate.swift; sourceTree = "<group>"; };
		B83AEBB12A290E02009F25DD /* SceneDelegate.swift */ = {isa = PBXFileReference; lastKnownFileType = sourcecode.swift; path = SceneDelegate.swift; sourceTree = "<group>"; };
		B83AEBB32A290E02009F25DD /* iniciarSesionViewController.swift */ = {isa = PBXFileReference; lastKnownFileType = sourcecode.swift; path = iniciarSesionViewController.swift; sourceTree = "<group>"; };
		B83AEBB62A290E02009F25DD /* Base */ = {isa = PBXFileReference; lastKnownFileType = file.storyboard; name = Base; path = Base.lproj/Main.storyboard; sourceTree = "<group>"; };
		B83AEBB82A290E03009F25DD /* Assets.xcassets */ = {isa = PBXFileReference; lastKnownFileType = folder.assetcatalog; path = Assets.xcassets; sourceTree = "<group>"; };
		B83AEBBB2A290E03009F25DD /* Base */ = {isa = PBXFileReference; lastKnownFileType = file.storyboard; name = Base; path = Base.lproj/LaunchScreen.storyboard; sourceTree = "<group>"; };
		B83AEBBD2A290E03009F25DD /* Info.plist */ = {isa = PBXFileReference; lastKnownFileType = text.plist.xml; path = Info.plist; sourceTree = "<group>"; };
		B83AEBC32A290F25009F25DD /* GoogleService-Info.plist */ = {isa = PBXFileReference; fileEncoding = 4; lastKnownFileType = text.plist.xml; path = "GoogleService-Info.plist"; sourceTree = "<group>"; };
		B83AEBC52A2913CE009F25DD /* TelefonoViewController.swift */ = {isa = PBXFileReference; lastKnownFileType = sourcecode.swift; path = TelefonoViewController.swift; sourceTree = "<group>"; };
		B871B5C62A39FDB30040595F /* Snap.swift */ = {isa = PBXFileReference; lastKnownFileType = sourcecode.swift; path = Snap.swift; sourceTree = "<group>"; };
		B871B5C82A3A047B0040595F /* VerSnapViewController.swift */ = {isa = PBXFileReference; lastKnownFileType = sourcecode.swift; path = VerSnapViewController.swift; sourceTree = "<group>"; };
		B88A50372A30BFDF00480811 /* SnapsViewController.swift */ = {isa = PBXFileReference; lastKnownFileType = sourcecode.swift; path = SnapsViewController.swift; sourceTree = "<group>"; };
		B88A50392A30C59400480811 /* ImagenViewController.swift */ = {isa = PBXFileReference; lastKnownFileType = sourcecode.swift; path = ImagenViewController.swift; sourceTree = "<group>"; };
		B88A503B2A30D63100480811 /* ElegirUsuarioViewController.swift */ = {isa = PBXFileReference; lastKnownFileType = sourcecode.swift; path = ElegirUsuarioViewController.swift; sourceTree = "<group>"; };
		B88A503E2A30EEAD00480811 /* Snapchat.entitlements */ = {isa = PBXFileReference; lastKnownFileType = text.plist.entitlements; path = Snapchat.entitlements; sourceTree = "<group>"; };
		B88A50412A30F3B200480811 /* Usuario.swift */ = {isa = PBXFileReference; lastKnownFileType = sourcecode.swift; path = Usuario.swift; sourceTree = "<group>"; };
		B89B45002A338EA3006F13BA /* CrearUserViewController.swift */ = {isa = PBXFileReference; lastKnownFileType = sourcecode.swift; path = CrearUserViewController.swift; sourceTree = "<group>"; };
		D64C66FBF899FB0C13BA8B04 /* Pods-Snapchat.release.xcconfig */ = {isa = PBXFileReference; includeInIndex = 1; lastKnownFileType = text.xcconfig; name = "Pods-Snapchat.release.xcconfig"; path = "Target Support Files/Pods-Snapchat/Pods-Snapchat.release.xcconfig"; sourceTree = "<group>"; };
/* End PBXFileReference section */

/* Begin PBXFrameworksBuildPhase section */
		B83AEBA92A290E02009F25DD /* Frameworks */ = {
			isa = PBXFrameworksBuildPhase;
			buildActionMask = 2147483647;
			files = (
				E68AFCD27820EABC31D2DD36 /* Pods_Snapchat.framework in Frameworks */,
			);
			runOnlyForDeploymentPostprocessing = 0;
		};
/* End PBXFrameworksBuildPhase section */

/* Begin PBXGroup section */
		40CDAF53069265328785308F /* Pods */ = {
			isa = PBXGroup;
			children = (
				B7D350A6B8A4FEEC794ED5A2 /* Pods-Snapchat.debug.xcconfig */,
				D64C66FBF899FB0C13BA8B04 /* Pods-Snapchat.release.xcconfig */,
			);
			path = Pods;
			sourceTree = "<group>";
		};
		6F194C859A785EE00741A6BA /* Frameworks */ = {
			isa = PBXGroup;
			children = (
				72141DAB894A9B514146E7C0 /* Pods_Snapchat.framework */,
			);
			name = Frameworks;
			sourceTree = "<group>";
		};
		B83AEBA32A290E02009F25DD = {
			isa = PBXGroup;
			children = (
				B83AEBAE2A290E02009F25DD /* Snapchat */,
				B83AEBAD2A290E02009F25DD /* Products */,
				40CDAF53069265328785308F /* Pods */,
				6F194C859A785EE00741A6BA /* Frameworks */,
			);
			sourceTree = "<group>";
		};
		B83AEBAD2A290E02009F25DD /* Products */ = {
			isa = PBXGroup;
			children = (
				B83AEBAC2A290E02009F25DD /* Snapchat.app */,
			);
			name = Products;
			sourceTree = "<group>";
		};
		B83AEBAE2A290E02009F25DD /* Snapchat */ = {
			isa = PBXGroup;
			children = (
				B88A50402A30F37700480811 /* Modelos */,
				B88A503F2A30F32500480811 /* ViewControllers */,
				B88A503E2A30EEAD00480811 /* Snapchat.entitlements */,
				B83AEBAF2A290E02009F25DD /* AppDelegate.swift */,
				B83AEBB12A290E02009F25DD /* SceneDelegate.swift */,
				B83AEBB52A290E02009F25DD /* Main.storyboard */,
				B83AEBB82A290E03009F25DD /* Assets.xcassets */,
				B83AEBC52A2913CE009F25DD /* TelefonoViewController.swift */,
				B83AEBBA2A290E03009F25DD /* LaunchScreen.storyboard */,
				B83AEBBD2A290E03009F25DD /* Info.plist */,
				B83AEBC32A290F25009F25DD /* GoogleService-Info.plist */,
			);
			path = Snapchat;
			sourceTree = "<group>";
		};
		B88A503F2A30F32500480811 /* ViewControllers */ = {
			isa = PBXGroup;
			children = (
				B88A50392A30C59400480811 /* ImagenViewController.swift */,
				B88A50372A30BFDF00480811 /* SnapsViewController.swift */,
				B89B45002A338EA3006F13BA /* CrearUserViewController.swift */,
				B83AEBB32A290E02009F25DD /* iniciarSesionViewController.swift */,
				B88A503B2A30D63100480811 /* ElegirUsuarioViewController.swift */,
				B871B5C82A3A047B0040595F /* VerSnapViewController.swift */,
			);
			path = ViewControllers;
			sourceTree = "<group>";
		};
		B88A50402A30F37700480811 /* Modelos */ = {
			isa = PBXGroup;
			children = (
				B88A50412A30F3B200480811 /* Usuario.swift */,
				B871B5C62A39FDB30040595F /* Snap.swift */,
			);
			path = Modelos;
			sourceTree = "<group>";
		};
/* End PBXGroup section */

/* Begin PBXNativeTarget section */
		B83AEBAB2A290E02009F25DD /* Snapchat */ = {
			isa = PBXNativeTarget;
			buildConfigurationList = B83AEBC02A290E03009F25DD /* Build configuration list for PBXNativeTarget "Snapchat" */;
			buildPhases = (
				5DB90C3569A79BC0C66FD17F /* [CP] Check Pods Manifest.lock */,
				B83AEBA82A290E02009F25DD /* Sources */,
				B83AEBA92A290E02009F25DD /* Frameworks */,
				B83AEBAA2A290E02009F25DD /* Resources */,
				080876E60EC3A1EC87C22F1A /* [CP] Embed Pods Frameworks */,
			);
			buildRules = (
			);
			dependencies = (
			);
			name = Snapchat;
			productName = Snapchat;
			productReference = B83AEBAC2A290E02009F25DD /* Snapchat.app */;
			productType = "com.apple.product-type.application";
		};
/* End PBXNativeTarget section */

/* Begin PBXProject section */
		B83AEBA42A290E02009F25DD /* Project object */ = {
			isa = PBXProject;
			attributes = {
				BuildIndependentTargetsInParallel = 1;
				LastSwiftUpdateCheck = 1340;
				LastUpgradeCheck = 1340;
				TargetAttributes = {
					B83AEBAB2A290E02009F25DD = {
						CreatedOnToolsVersion = 13.4.1;
					};
				};
			};
			buildConfigurationList = B83AEBA72A290E02009F25DD /* Build configuration list for PBXProject "Snapchat" */;
			compatibilityVersion = "Xcode 13.0";
			developmentRegion = en;
			hasScannedForEncodings = 0;
			knownRegions = (
				en,
				Base,
			);
			mainGroup = B83AEBA32A290E02009F25DD;
			productRefGroup = B83AEBAD2A290E02009F25DD /* Products */;
			projectDirPath = "";
			projectRoot = "";
			targets = (
				B83AEBAB2A290E02009F25DD /* Snapchat */,
			);
		};
/* End PBXProject section */

/* Begin PBXResourcesBuildPhase section */
		B83AEBAA2A290E02009F25DD /* Resources */ = {
			isa = PBXResourcesBuildPhase;
			buildActionMask = 2147483647;
			files = (
				B83AEBBC2A290E03009F25DD /* LaunchScreen.storyboard in Resources */,
				B83AEBC42A290F25009F25DD /* GoogleService-Info.plist in Resources */,
				B83AEBB92A290E03009F25DD /* Assets.xcassets in Resources */,
				B83AEBB72A290E02009F25DD /* Main.storyboard in Resources */,
			);
			runOnlyForDeploymentPostprocessing = 0;
		};
/* End PBXResourcesBuildPhase section */

/* Begin PBXShellScriptBuildPhase section */
		080876E60EC3A1EC87C22F1A /* [CP] Embed Pods Frameworks */ = {
			isa = PBXShellScriptBuildPhase;
			buildActionMask = 2147483647;
			files = (
			);
			inputFileListPaths = (
				"${PODS_ROOT}/Target Support Files/Pods-Snapchat/Pods-Snapchat-frameworks-${CONFIGURATION}-input-files.xcfilelist",
			);
			name = "[CP] Embed Pods Frameworks";
			outputFileListPaths = (
				"${PODS_ROOT}/Target Support Files/Pods-Snapchat/Pods-Snapchat-frameworks-${CONFIGURATION}-output-files.xcfilelist",
			);
			runOnlyForDeploymentPostprocessing = 0;
			shellPath = /bin/sh;
			shellScript = "\"${PODS_ROOT}/Target Support Files/Pods-Snapchat/Pods-Snapchat-frameworks.sh\"\n";
			showEnvVarsInLog = 0;
		};
		5DB90C3569A79BC0C66FD17F /* [CP] Check Pods Manifest.lock */ = {
			isa = PBXShellScriptBuildPhase;
			buildActionMask = 2147483647;
			files = (
			);
			inputFileListPaths = (
			);
			inputPaths = (
				"${PODS_PODFILE_DIR_PATH}/Podfile.lock",
				"${PODS_ROOT}/Manifest.lock",
			);
			name = "[CP] Check Pods Manifest.lock";
			outputFileListPaths = (
			);
			outputPaths = (
				"$(DERIVED_FILE_DIR)/Pods-Snapchat-checkManifestLockResult.txt",
			);
			runOnlyForDeploymentPostprocessing = 0;
			shellPath = /bin/sh;
			shellScript = "diff \"${PODS_PODFILE_DIR_PATH}/Podfile.lock\" \"${PODS_ROOT}/Manifest.lock\" > /dev/null\nif [ $? != 0 ] ; then\n    # print error to STDERR\n    echo \"error: The sandbox is not in sync with the Podfile.lock. Run 'pod install' or update your CocoaPods installation.\" >&2\n    exit 1\nfi\n# This output is used by Xcode 'outputs' to avoid re-running this script phase.\necho \"SUCCESS\" > \"${SCRIPT_OUTPUT_FILE_0}\"\n";
			showEnvVarsInLog = 0;
		};
/* End PBXShellScriptBuildPhase section */

/* Begin PBXSourcesBuildPhase section */
		B83AEBA82A290E02009F25DD /* Sources */ = {
			isa = PBXSourcesBuildPhase;
			buildActionMask = 2147483647;
			files = (
				B871B5C92A3A047B0040595F /* VerSnapViewController.swift in Sources */,
				B88A50422A30F3B200480811 /* Usuario.swift in Sources */,
				B871B5C72A39FDB30040595F /* Snap.swift in Sources */,
				B88A503C2A30D63100480811 /* ElegirUsuarioViewController.swift in Sources */,
				B88A50382A30BFDF00480811 /* SnapsViewController.swift in Sources */,
				B83AEBB42A290E02009F25DD /* iniciarSesionViewController.swift in Sources */,
				B83AEBB02A290E02009F25DD /* AppDelegate.swift in Sources */,
				B88A503A2A30C59400480811 /* ImagenViewController.swift in Sources */,
				B89B45012A338EA3006F13BA /* CrearUserViewController.swift in Sources */,
				B83AEBC62A2913CE009F25DD /* TelefonoViewController.swift in Sources */,
				B83AEBB22A290E02009F25DD /* SceneDelegate.swift in Sources */,
			);
			runOnlyForDeploymentPostprocessing = 0;
		};
/* End PBXSourcesBuildPhase section */

/* Begin PBXVariantGroup section */
		B83AEBB52A290E02009F25DD /* Main.storyboard */ = {
			isa = PBXVariantGroup;
			children = (
				B83AEBB62A290E02009F25DD /* Base */,
			);
			name = Main.storyboard;
			sourceTree = "<group>";
		};
		B83AEBBA2A290E03009F25DD /* LaunchScreen.storyboard */ = {
			isa = PBXVariantGroup;
			children = (
				B83AEBBB2A290E03009F25DD /* Base */,
			);
			name = LaunchScreen.storyboard;
			sourceTree = "<group>";
		};
/* End PBXVariantGroup section */

/* Begin XCBuildConfiguration section */
		B83AEBBE2A290E03009F25DD /* Debug */ = {
			isa = XCBuildConfiguration;
			buildSettings = {
				ALWAYS_SEARCH_USER_PATHS = NO;
				CLANG_ANALYZER_NONNULL = YES;
				CLANG_ANALYZER_NUMBER_OBJECT_CONVERSION = YES_AGGRESSIVE;
				CLANG_CXX_LANGUAGE_STANDARD = "gnu++17";
				CLANG_ENABLE_MODULES = YES;
				CLANG_ENABLE_OBJC_ARC = YES;
				CLANG_ENABLE_OBJC_WEAK = YES;
				CLANG_WARN_BLOCK_CAPTURE_AUTORELEASING = YES;
				CLANG_WARN_BOOL_CONVERSION = YES;
				CLANG_WARN_COMMA = YES;
				CLANG_WARN_CONSTANT_CONVERSION = YES;
				CLANG_WARN_DEPRECATED_OBJC_IMPLEMENTATIONS = YES;
				CLANG_WARN_DIRECT_OBJC_ISA_USAGE = YES_ERROR;
				CLANG_WARN_DOCUMENTATION_COMMENTS = YES;
				CLANG_WARN_EMPTY_BODY = YES;
				CLANG_WARN_ENUM_CONVERSION = YES;
				CLANG_WARN_INFINITE_RECURSION = YES;
				CLANG_WARN_INT_CONVERSION = YES;
				CLANG_WARN_NON_LITERAL_NULL_CONVERSION = YES;
				CLANG_WARN_OBJC_IMPLICIT_RETAIN_SELF = YES;
				CLANG_WARN_OBJC_LITERAL_CONVERSION = YES;
				CLANG_WARN_OBJC_ROOT_CLASS = YES_ERROR;
				CLANG_WARN_QUOTED_INCLUDE_IN_FRAMEWORK_HEADER = YES;
				CLANG_WARN_RANGE_LOOP_ANALYSIS = YES;
				CLANG_WARN_STRICT_PROTOTYPES = YES;
				CLANG_WARN_SUSPICIOUS_MOVE = YES;
				CLANG_WARN_UNGUARDED_AVAILABILITY = YES_AGGRESSIVE;
				CLANG_WARN_UNREACHABLE_CODE = YES;
				CLANG_WARN__DUPLICATE_METHOD_MATCH = YES;
				COPY_PHASE_STRIP = NO;
				DEBUG_INFORMATION_FORMAT = dwarf;
				ENABLE_STRICT_OBJC_MSGSEND = YES;
				ENABLE_TESTABILITY = YES;
				GCC_C_LANGUAGE_STANDARD = gnu11;
				GCC_DYNAMIC_NO_PIC = NO;
				GCC_NO_COMMON_BLOCKS = YES;
				GCC_OPTIMIZATION_LEVEL = 0;
				GCC_PREPROCESSOR_DEFINITIONS = (
					"DEBUG=1",
					"$(inherited)",
				);
				GCC_WARN_64_TO_32_BIT_CONVERSION = YES;
				GCC_WARN_ABOUT_RETURN_TYPE = YES_ERROR;
				GCC_WARN_UNDECLARED_SELECTOR = YES;
				GCC_WARN_UNINITIALIZED_AUTOS = YES_AGGRESSIVE;
				GCC_WARN_UNUSED_FUNCTION = YES;
				GCC_WARN_UNUSED_VARIABLE = YES;
				IPHONEOS_DEPLOYMENT_TARGET = 15.5;
				MTL_ENABLE_DEBUG_INFO = INCLUDE_SOURCE;
				MTL_FAST_MATH = YES;
				ONLY_ACTIVE_ARCH = YES;
				SDKROOT = iphoneos;
				SWIFT_ACTIVE_COMPILATION_CONDITIONS = DEBUG;
				SWIFT_OPTIMIZATION_LEVEL = "-Onone";
			};
			name = Debug;
		};
		B83AEBBF2A290E03009F25DD /* Release */ = {
			isa = XCBuildConfiguration;
			buildSettings = {
				ALWAYS_SEARCH_USER_PATHS = NO;
				CLANG_ANALYZER_NONNULL = YES;
				CLANG_ANALYZER_NUMBER_OBJECT_CONVERSION = YES_AGGRESSIVE;
				CLANG_CXX_LANGUAGE_STANDARD = "gnu++17";
				CLANG_ENABLE_MODULES = YES;
				CLANG_ENABLE_OBJC_ARC = YES;
				CLANG_ENABLE_OBJC_WEAK = YES;
				CLANG_WARN_BLOCK_CAPTURE_AUTORELEASING = YES;
				CLANG_WARN_BOOL_CONVERSION = YES;
				CLANG_WARN_COMMA = YES;
				CLANG_WARN_CONSTANT_CONVERSION = YES;
				CLANG_WARN_DEPRECATED_OBJC_IMPLEMENTATIONS = YES;
				CLANG_WARN_DIRECT_OBJC_ISA_USAGE = YES_ERROR;
				CLANG_WARN_DOCUMENTATION_COMMENTS = YES;
				CLANG_WARN_EMPTY_BODY = YES;
				CLANG_WARN_ENUM_CONVERSION = YES;
				CLANG_WARN_INFINITE_RECURSION = YES;
				CLANG_WARN_INT_CONVERSION = YES;
				CLANG_WARN_NON_LITERAL_NULL_CONVERSION = YES;
				CLANG_WARN_OBJC_IMPLICIT_RETAIN_SELF = YES;
				CLANG_WARN_OBJC_LITERAL_CONVERSION = YES;
				CLANG_WARN_OBJC_ROOT_CLASS = YES_ERROR;
				CLANG_WARN_QUOTED_INCLUDE_IN_FRAMEWORK_HEADER = YES;
				CLANG_WARN_RANGE_LOOP_ANALYSIS = YES;
				CLANG_WARN_STRICT_PROTOTYPES = YES;
				CLANG_WARN_SUSPICIOUS_MOVE = YES;
				CLANG_WARN_UNGUARDED_AVAILABILITY = YES_AGGRESSIVE;
				CLANG_WARN_UNREACHABLE_CODE = YES;
				CLANG_WARN__DUPLICATE_METHOD_MATCH = YES;
				COPY_PHASE_STRIP = NO;
				DEBUG_INFORMATION_FORMAT = "dwarf-with-dsym";
				ENABLE_NS_ASSERTIONS = NO;
				ENABLE_STRICT_OBJC_MSGSEND = YES;
				GCC_C_LANGUAGE_STANDARD = gnu11;
				GCC_NO_COMMON_BLOCKS = YES;
				GCC_WARN_64_TO_32_BIT_CONVERSION = YES;
				GCC_WARN_ABOUT_RETURN_TYPE = YES_ERROR;
				GCC_WARN_UNDECLARED_SELECTOR = YES;
				GCC_WARN_UNINITIALIZED_AUTOS = YES_AGGRESSIVE;
				GCC_WARN_UNUSED_FUNCTION = YES;
				GCC_WARN_UNUSED_VARIABLE = YES;
				IPHONEOS_DEPLOYMENT_TARGET = 15.5;
				MTL_ENABLE_DEBUG_INFO = NO;
				MTL_FAST_MATH = YES;
				SDKROOT = iphoneos;
				SWIFT_COMPILATION_MODE = wholemodule;
				SWIFT_OPTIMIZATION_LEVEL = "-O";
				VALIDATE_PRODUCT = YES;
			};
			name = Release;
		};
		B83AEBC12A290E03009F25DD /* Debug */ = {
			isa = XCBuildConfiguration;
			baseConfigurationReference = B7D350A6B8A4FEEC794ED5A2 /* Pods-Snapchat.debug.xcconfig */;
			buildSettings = {
				ASSETCATALOG_COMPILER_APPICON_NAME = AppIcon;
				ASSETCATALOG_COMPILER_GLOBAL_ACCENT_COLOR_NAME = AccentColor;
				CODE_SIGN_ENTITLEMENTS = Snapchat/Snapchat.entitlements;
				CODE_SIGN_STYLE = Automatic;
				CURRENT_PROJECT_VERSION = 1;
				GENERATE_INFOPLIST_FILE = YES;
				INFOPLIST_FILE = Snapchat/Info.plist;
				INFOPLIST_KEY_UIApplicationSupportsIndirectInputEvents = YES;
				INFOPLIST_KEY_UILaunchStoryboardName = LaunchScreen;
				INFOPLIST_KEY_UIMainStoryboardFile = Main;
				INFOPLIST_KEY_UISupportedInterfaceOrientations_iPad = "UIInterfaceOrientationPortrait UIInterfaceOrientationPortraitUpsideDown UIInterfaceOrientationLandscapeLeft UIInterfaceOrientationLandscapeRight";
				INFOPLIST_KEY_UISupportedInterfaceOrientations_iPhone = "UIInterfaceOrientationPortrait UIInterfaceOrientationLandscapeLeft UIInterfaceOrientationLandscapeRight";
				LD_RUNPATH_SEARCH_PATHS = (
					"$(inherited)",
					"@executable_path/Frameworks",
				);
				MARKETING_VERSION = 1.0;
				PRODUCT_BUNDLE_IDENTIFIER = deah.com.Snapchat;
				PRODUCT_NAME = "$(TARGET_NAME)";
				SWIFT_EMIT_LOC_STRINGS = YES;
				SWIFT_VERSION = 5.0;
				TARGETED_DEVICE_FAMILY = "1,2";
			};
			name = Debug;
		};
		B83AEBC22A290E03009F25DD /* Release */ = {
			isa = XCBuildConfiguration;
			baseConfigurationReference = D64C66FBF899FB0C13BA8B04 /* Pods-Snapchat.release.xcconfig */;
			buildSettings = {
				ASSETCATALOG_COMPILER_APPICON_NAME = AppIcon;
				ASSETCATALOG_COMPILER_GLOBAL_ACCENT_COLOR_NAME = AccentColor;
				CODE_SIGN_ENTITLEMENTS = Snapchat/Snapchat.entitlements;
				CODE_SIGN_STYLE = Automatic;
				CURRENT_PROJECT_VERSION = 1;
				GENERATE_INFOPLIST_FILE = YES;
				INFOPLIST_FILE = Snapchat/Info.plist;
				INFOPLIST_KEY_UIApplicationSupportsIndirectInputEvents = YES;
				INFOPLIST_KEY_UILaunchStoryboardName = LaunchScreen;
				INFOPLIST_KEY_UIMainStoryboardFile = Main;
				INFOPLIST_KEY_UISupportedInterfaceOrientations_iPad = "UIInterfaceOrientationPortrait UIInterfaceOrientationPortraitUpsideDown UIInterfaceOrientationLandscapeLeft UIInterfaceOrientationLandscapeRight";
				INFOPLIST_KEY_UISupportedInterfaceOrientations_iPhone = "UIInterfaceOrientationPortrait UIInterfaceOrientationLandscapeLeft UIInterfaceOrientationLandscapeRight";
				LD_RUNPATH_SEARCH_PATHS = (
					"$(inherited)",
					"@executable_path/Frameworks",
				);
				MARKETING_VERSION = 1.0;
				PRODUCT_BUNDLE_IDENTIFIER = deah.com.Snapchat;
				PRODUCT_NAME = "$(TARGET_NAME)";
				SWIFT_EMIT_LOC_STRINGS = YES;
				SWIFT_VERSION = 5.0;
				TARGETED_DEVICE_FAMILY = "1,2";
			};
			name = Release;
		};
/* End XCBuildConfiguration section */

/* Begin XCConfigurationList section */
		B83AEBA72A290E02009F25DD /* Build configuration list for PBXProject "Snapchat" */ = {
			isa = XCConfigurationList;
			buildConfigurations = (
				B83AEBBE2A290E03009F25DD /* Debug */,
				B83AEBBF2A290E03009F25DD /* Release */,
			);
			defaultConfigurationIsVisible = 0;
			defaultConfigurationName = Release;
		};
		B83AEBC02A290E03009F25DD /* Build configuration list for PBXNativeTarget "Snapchat" */ = {
			isa = XCConfigurationList;
			buildConfigurations = (
				B83AEBC12A290E03009F25DD /* Debug */,
				B83AEBC22A290E03009F25DD /* Release */,
			);
			defaultConfigurationIsVisible = 0;
			defaultConfigurationName = Release;
		};
/* End XCConfigurationList section */
	};
	rootObject = B83AEBA42A290E02009F25DD /* Project object */;
}
